
Microsoft Visual Studio Solution File, Format Version 12.00
# Visual Studio Version 17
VisualStudioVersion = 17.5.002.0
MinimumVisualStudioVersion = 10.0.40219.1
Project("{9A19103F-16F7-4668-BE54-9A1E7A4F7556}") = "Stopwatch", "Stopwatch.csproj", "{FD70FA50-BE50-40A6-B6C3-E81EA70EA443}"
EndProject
Global
	GlobalSection(SolutionConfigurationPlatforms) = preSolution
		Debug|Any CPU = Debug|Any CPU
		Release|Any CPU = Release|Any CPU
	EndGlobalSection
	GlobalSection(ProjectConfigurationPlatforms) = postSolution
		{FD70FA50-BE50-40A6-B6C3-E81EA70EA443}.Debug|Any CPU.ActiveCfg = Debug|Any CPU
		{FD70FA50-BE50-40A6-B6C3-E81EA70EA443}.Debug|Any CPU.Build.0 = Debug|Any CPU
		{FD70FA50-BE50-40A6-B6C3-E81EA70EA443}.Release|Any CPU.ActiveCfg = Release|Any CPU
		{FD70FA50-BE50-40A6-B6C3-E81EA70EA443}.Release|Any CPU.Build.0 = Release|Any CPU
	EndGlobalSection
	GlobalSection(SolutionProperties) = preSolution
		HideSolutionNode = FALSE
	EndGlobalSection
	GlobalSection(ExtensibilityGlobals) = postSolution
		SolutionGuid = {EBE8E58E-A27B-4D8B-B71D-8E33A9FBD798}
	EndGlobalSection
EndGlobal
