
Microsoft Visual Studio Solution File, Format Version 12.00
# Visual Studio Version 17
VisualStudioVersion = 17.5.002.0
MinimumVisualStudioVersion = 10.0.40219.1
Project("{9A19103F-16F7-4668-BE54-9A1E7A4F7556}") = "Teste", "Teste.csproj", "{AAFB50BD-C519-447A-BD9F-EDBA01599664}"
EndProject
Global
	GlobalSection(SolutionConfigurationPlatforms) = preSolution
		Debug|Any CPU = Debug|Any CPU
		Release|Any CPU = Release|Any CPU
	EndGlobalSection
	GlobalSection(ProjectConfigurationPlatforms) = postSolution
		{AAFB50BD-C519-447A-BD9F-EDBA01599664}.Debug|Any CPU.ActiveCfg = Debug|Any CPU
		{AAFB50BD-C519-447A-BD9F-EDBA01599664}.Debug|Any CPU.Build.0 = Debug|Any CPU
		{AAFB50BD-C519-447A-BD9F-EDBA01599664}.Release|Any CPU.ActiveCfg = Release|Any CPU
		{AAFB50BD-C519-447A-BD9F-EDBA01599664}.Release|Any CPU.Build.0 = Release|Any CPU
	EndGlobalSection
	GlobalSection(SolutionProperties) = preSolution
		HideSolutionNode = FALSE
	EndGlobalSection
	GlobalSection(ExtensibilityGlobals) = postSolution
		SolutionGuid = {05026F0A-BB98-4B2D-A7D1-E58323440F8D}
	EndGlobalSection
EndGlobal
